
Microsoft Visual Studio Solution File, Format Version 12.00
# Visual Studio Version 16
VisualStudioVersion = 16.0.31321.278
MinimumVisualStudioVersion = 10.0.40219.1
Project("{FAE04EC0-301F-11D3-BF4B-00C04F79EFBC}") = "KUKUBG", "KUKUBG\KUKUBG.csproj", "{3F75BD9F-45D6-45ED-811D-CC7DE89444FF}"
EndProject
Global
	GlobalSection(SolutionConfigurationPlatforms) = preSolution
		Debug|Any CPU = Debug|Any CPU
		Release|Any CPU = Release|Any CPU
	EndGlobalSection
	GlobalSection(ProjectConfigurationPlatforms) = postSolution
		{3F75BD9F-45D6-45ED-811D-CC7DE89444FF}.Debug|Any CPU.ActiveCfg = Debug|Any CPU
		{3F75BD9F-45D6-45ED-811D-CC7DE89444FF}.Debug|Any CPU.Build.0 = Debug|Any CPU
		{3F75BD9F-45D6-45ED-811D-CC7DE89444FF}.Release|Any CPU.ActiveCfg = Release|Any CPU
		{3F75BD9F-45D6-45ED-811D-CC7DE89444FF}.Release|Any CPU.Build.0 = Release|Any CPU
	EndGlobalSection
	GlobalSection(SolutionProperties) = preSolution
		HideSolutionNode = FALSE
	EndGlobalSection
	GlobalSection(ExtensibilityGlobals) = postSolution
		SolutionGuid = {62E33F5A-BB6F-4836-B0C5-8DF126DD9090}
	EndGlobalSection
EndGlobal
